
Microsoft Visual Studio Solution File, Format Version 12.00
# Visual Studio Version 17
VisualStudioVersion = 17.14.36109.1
MinimumVisualStudioVersion = 10.0.40219.1
Project("{FAE04EC0-301F-11D3-BF4B-00C04F79EFBC}") = "DTOs", "DTOs\DTOs.csproj", "{8FA40BB8-6BDB-418F-95D4-649E797C7EC4}"
EndProject
Project("{2150E333-8FDC-42A3-9474-1A3956D46DE8}") = "0_DTOs", "0_DTOs", "{02EA681E-C7D8-13C7-8484-4AC65E1B71E8}"
EndProject
Project("{2150E333-8FDC-42A3-9474-1A3956D46DE8}") = "1_DataAccess", "1_DataAccess", "{1AC2AB7D-7714-4974-91A1-5DF9F4442FF4}"
EndProject
Project("{FAE04EC0-301F-11D3-BF4B-00C04F79EFBC}") = "DataAccess", "DataAccess\DataAccess.csproj", "{BA6B1136-CD80-4EAB-9BDF-8C322E5F75F1}"
EndProject
Project("{2150E333-8FDC-42A3-9474-1A3956D46DE8}") = "2_CoreApp", "2_CoreApp", "{8E6B1ABF-BB8E-4177-AD28-24997BA05D60}"
EndProject
Project("{FAE04EC0-301F-11D3-BF4B-00C04F79EFBC}") = "CoreApp", "CoreApp\CoreApp.csproj", "{524D2097-059E-4346-880C-CEA97A399A49}"
EndProject
Project("{2150E333-8FDC-42A3-9474-1A3956D46DE8}") = "3_Exceptions", "3_Exceptions", "{ADCEC319-459E-42A2-86BD-CDA101DB15B7}"
EndProject
Project("{FAE04EC0-301F-11D3-BF4B-00C04F79EFBC}") = "Exceptions", "Exceptions\Exceptions.csproj", "{3787C16C-5782-4BE0-9D5C-A48726E07213}"
EndProject
Project("{2150E333-8FDC-42A3-9474-1A3956D46DE8}") = "4_WebAPI", "4_WebAPI", "{121BDF24-4C2C-4C34-9D96-BDF430413455}"
EndProject
Project("{FAE04EC0-301F-11D3-BF4B-00C04F79EFBC}") = "WebAPI", "WebAPI\WebAPI.csproj", "{0B5C8ACC-3381-4A07-A0A2-D8C0382DD2F7}"
EndProject
Project("{2150E333-8FDC-42A3-9474-1A3956D46DE8}") = "5_WebApp", "5_WebApp", "{30FB45F7-118C-49CD-8A44-056ED995CA70}"
EndProject
Project("{FAE04EC0-301F-11D3-BF4B-00C04F79EFBC}") = "WebApp", "WebApp\WebApp.csproj", "{1A41DEB0-395B-4624-A469-8BB99FF36865}"
EndProject
Project("{2150E333-8FDC-42A3-9474-1A3956D46DE8}") = "99_Testing", "99_Testing", "{8045ABED-0DA5-4EA7-8142-53E38136C086}"
EndProject
Project("{FAE04EC0-301F-11D3-BF4B-00C04F79EFBC}") = "DevTester", "DevTester\DevTester.csproj", "{5A66CA5A-1356-478C-8245-4C47ABCD3B86}"
EndProject
Project("{2150E333-8FDC-42A3-9474-1A3956D46DE8}") = "Biometrics", "Biometrics", "{82521F1A-E0F1-495C-9A93-85530D8443ED}"
EndProject
Global
	GlobalSection(SolutionConfigurationPlatforms) = preSolution
		Debug|Any CPU = Debug|Any CPU
		Release|Any CPU = Release|Any CPU
	EndGlobalSection
	GlobalSection(ProjectConfigurationPlatforms) = postSolution
		{8FA40BB8-6BDB-418F-95D4-649E797C7EC4}.Debug|Any CPU.ActiveCfg = Debug|Any CPU
		{8FA40BB8-6BDB-418F-95D4-649E797C7EC4}.Debug|Any CPU.Build.0 = Debug|Any CPU
		{8FA40BB8-6BDB-418F-95D4-649E797C7EC4}.Release|Any CPU.ActiveCfg = Release|Any CPU
		{8FA40BB8-6BDB-418F-95D4-649E797C7EC4}.Release|Any CPU.Build.0 = Release|Any CPU
		{BA6B1136-CD80-4EAB-9BDF-8C322E5F75F1}.Debug|Any CPU.ActiveCfg = Debug|Any CPU
		{BA6B1136-CD80-4EAB-9BDF-8C322E5F75F1}.Debug|Any CPU.Build.0 = Debug|Any CPU
		{BA6B1136-CD80-4EAB-9BDF-8C322E5F75F1}.Release|Any CPU.ActiveCfg = Release|Any CPU
		{BA6B1136-CD80-4EAB-9BDF-8C322E5F75F1}.Release|Any CPU.Build.0 = Release|Any CPU
		{524D2097-059E-4346-880C-CEA97A399A49}.Debug|Any CPU.ActiveCfg = Debug|Any CPU
		{524D2097-059E-4346-880C-CEA97A399A49}.Debug|Any CPU.Build.0 = Debug|Any CPU
		{524D2097-059E-4346-880C-CEA97A399A49}.Release|Any CPU.ActiveCfg = Release|Any CPU
		{524D2097-059E-4346-880C-CEA97A399A49}.Release|Any CPU.Build.0 = Release|Any CPU
		{3787C16C-5782-4BE0-9D5C-A48726E07213}.Debug|Any CPU.ActiveCfg = Debug|Any CPU
		{3787C16C-5782-4BE0-9D5C-A48726E07213}.Debug|Any CPU.Build.0 = Debug|Any CPU
		{3787C16C-5782-4BE0-9D5C-A48726E07213}.Release|Any CPU.ActiveCfg = Release|Any CPU
		{3787C16C-5782-4BE0-9D5C-A48726E07213}.Release|Any CPU.Build.0 = Release|Any CPU
		{0B5C8ACC-3381-4A07-A0A2-D8C0382DD2F7}.Debug|Any CPU.ActiveCfg = Debug|Any CPU
		{0B5C8ACC-3381-4A07-A0A2-D8C0382DD2F7}.Debug|Any CPU.Build.0 = Debug|Any CPU
		{0B5C8ACC-3381-4A07-A0A2-D8C0382DD2F7}.Release|Any CPU.ActiveCfg = Release|Any CPU
		{0B5C8ACC-3381-4A07-A0A2-D8C0382DD2F7}.Release|Any CPU.Build.0 = Release|Any CPU
		{1A41DEB0-395B-4624-A469-8BB99FF36865}.Debug|Any CPU.ActiveCfg = Debug|Any CPU
		{1A41DEB0-395B-4624-A469-8BB99FF36865}.Debug|Any CPU.Build.0 = Debug|Any CPU
		{1A41DEB0-395B-4624-A469-8BB99FF36865}.Release|Any CPU.ActiveCfg = Release|Any CPU
		{1A41DEB0-395B-4624-A469-8BB99FF36865}.Release|Any CPU.Build.0 = Release|Any CPU
		{5A66CA5A-1356-478C-8245-4C47ABCD3B86}.Debug|Any CPU.ActiveCfg = Debug|Any CPU
		{5A66CA5A-1356-478C-8245-4C47ABCD3B86}.Debug|Any CPU.Build.0 = Debug|Any CPU
		{5A66CA5A-1356-478C-8245-4C47ABCD3B86}.Release|Any CPU.ActiveCfg = Release|Any CPU
		{5A66CA5A-1356-478C-8245-4C47ABCD3B86}.Release|Any CPU.Build.0 = Release|Any CPU
	EndGlobalSection
	GlobalSection(SolutionProperties) = preSolution
		HideSolutionNode = FALSE
	EndGlobalSection
	GlobalSection(NestedProjects) = preSolution
		{8FA40BB8-6BDB-418F-95D4-649E797C7EC4} = {02EA681E-C7D8-13C7-8484-4AC65E1B71E8}
		{BA6B1136-CD80-4EAB-9BDF-8C322E5F75F1} = {1AC2AB7D-7714-4974-91A1-5DF9F4442FF4}
		{524D2097-059E-4346-880C-CEA97A399A49} = {8E6B1ABF-BB8E-4177-AD28-24997BA05D60}
		{3787C16C-5782-4BE0-9D5C-A48726E07213} = {ADCEC319-459E-42A2-86BD-CDA101DB15B7}
		{0B5C8ACC-3381-4A07-A0A2-D8C0382DD2F7} = {121BDF24-4C2C-4C34-9D96-BDF430413455}
		{1A41DEB0-395B-4624-A469-8BB99FF36865} = {30FB45F7-118C-49CD-8A44-056ED995CA70}
		{5A66CA5A-1356-478C-8245-4C47ABCD3B86} = {8045ABED-0DA5-4EA7-8142-53E38136C086}
	EndGlobalSection
	GlobalSection(ExtensibilityGlobals) = postSolution
		SolutionGuid = {DCCCB549-AAB1-4A01-BB0C-C5AFA7444417}
	EndGlobalSection
EndGlobal
